
Microsoft Visual Studio Solution File, Format Version 10.00
# Visual C++ Express 2008
Project("{8BC9CEB8-8B4A-11D0-8D11-00A0C91BC942}") = "Ex13", "Ex13\Ex13.vcproj", "{28AC233A-28E0-4942-852D-1490A4AD500B}"
EndProject
Global
	GlobalSection(SolutionConfigurationPlatforms) = preSolution
		Debug|Win32 = Debug|Win32
		Release|Win32 = Release|Win32
	EndGlobalSection
	GlobalSection(ProjectConfigurationPlatforms) = postSolution
		{28AC233A-28E0-4942-852D-1490A4AD500B}.Debug|Win32.ActiveCfg = Debug|Win32
		{28AC233A-28E0-4942-852D-1490A4AD500B}.Debug|Win32.Build.0 = Debug|Win32
		{28AC233A-28E0-4942-852D-1490A4AD500B}.Release|Win32.ActiveCfg = Release|Win32
		{28AC233A-28E0-4942-852D-1490A4AD500B}.Release|Win32.Build.0 = Release|Win32
	EndGlobalSection
	GlobalSection(SolutionProperties) = preSolution
		HideSolutionNode = FALSE
	EndGlobalSection
EndGlobal
