
Microsoft Visual Studio Solution File, Format Version 10.00
# Visual C++ Express 2008
Project("{8BC9CEB8-8B4A-11D0-8D11-00A0C91BC942}") = "Ex46", "Ex46\Ex46.vcproj", "{C3E968F1-483D-44A9-85BB-09A4B120EF8C}"
EndProject
Global
	GlobalSection(SolutionConfigurationPlatforms) = preSolution
		Debug|Win32 = Debug|Win32
		Release|Win32 = Release|Win32
	EndGlobalSection
	GlobalSection(ProjectConfigurationPlatforms) = postSolution
		{C3E968F1-483D-44A9-85BB-09A4B120EF8C}.Debug|Win32.ActiveCfg = Debug|Win32
		{C3E968F1-483D-44A9-85BB-09A4B120EF8C}.Debug|Win32.Build.0 = Debug|Win32
		{C3E968F1-483D-44A9-85BB-09A4B120EF8C}.Release|Win32.ActiveCfg = Release|Win32
		{C3E968F1-483D-44A9-85BB-09A4B120EF8C}.Release|Win32.Build.0 = Release|Win32
	EndGlobalSection
	GlobalSection(SolutionProperties) = preSolution
		HideSolutionNode = FALSE
	EndGlobalSection
EndGlobal
