
Microsoft Visual Studio Solution File, Format Version 10.00
# Visual C++ Express 2008
Project("{8BC9CEB8-8B4A-11D0-8D11-00A0C91BC942}") = "Ex01C", "Ex01C\Ex01C.vcproj", "{26B5C62E-227F-4E85-AA90-B2FA1358364C}"
EndProject
Global
	GlobalSection(SolutionConfigurationPlatforms) = preSolution
		Debug|Win32 = Debug|Win32
		Release|Win32 = Release|Win32
	EndGlobalSection
	GlobalSection(ProjectConfigurationPlatforms) = postSolution
		{26B5C62E-227F-4E85-AA90-B2FA1358364C}.Debug|Win32.ActiveCfg = Debug|Win32
		{26B5C62E-227F-4E85-AA90-B2FA1358364C}.Debug|Win32.Build.0 = Debug|Win32
		{26B5C62E-227F-4E85-AA90-B2FA1358364C}.Release|Win32.ActiveCfg = Release|Win32
		{26B5C62E-227F-4E85-AA90-B2FA1358364C}.Release|Win32.Build.0 = Release|Win32
	EndGlobalSection
	GlobalSection(SolutionProperties) = preSolution
		HideSolutionNode = FALSE
	EndGlobalSection
EndGlobal
