
Microsoft Visual Studio Solution File, Format Version 10.00
# Visual C++ Express 2008
Project("{8BC9CEB8-8B4A-11D0-8D11-00A0C91BC942}") = "Ex82", "Ex82\Ex82.vcproj", "{EDEB4265-1C7E-42BD-B692-C5612F142392}"
EndProject
Global
	GlobalSection(SolutionConfigurationPlatforms) = preSolution
		Debug|Win32 = Debug|Win32
		Release|Win32 = Release|Win32
	EndGlobalSection
	GlobalSection(ProjectConfigurationPlatforms) = postSolution
		{EDEB4265-1C7E-42BD-B692-C5612F142392}.Debug|Win32.ActiveCfg = Debug|Win32
		{EDEB4265-1C7E-42BD-B692-C5612F142392}.Debug|Win32.Build.0 = Debug|Win32
		{EDEB4265-1C7E-42BD-B692-C5612F142392}.Release|Win32.ActiveCfg = Release|Win32
		{EDEB4265-1C7E-42BD-B692-C5612F142392}.Release|Win32.Build.0 = Release|Win32
	EndGlobalSection
	GlobalSection(SolutionProperties) = preSolution
		HideSolutionNode = FALSE
	EndGlobalSection
EndGlobal
