
Microsoft Visual Studio Solution File, Format Version 10.00
# Visual C++ Express 2008
Project("{8BC9CEB8-8B4A-11D0-8D11-00A0C91BC942}") = "Ex05", "Ex05\Ex05.vcproj", "{09038337-1868-44B8-BEFB-BED3959D116F}"
EndProject
Global
	GlobalSection(SolutionConfigurationPlatforms) = preSolution
		Debug|Win32 = Debug|Win32
		Release|Win32 = Release|Win32
	EndGlobalSection
	GlobalSection(ProjectConfigurationPlatforms) = postSolution
		{09038337-1868-44B8-BEFB-BED3959D116F}.Debug|Win32.ActiveCfg = Debug|Win32
		{09038337-1868-44B8-BEFB-BED3959D116F}.Debug|Win32.Build.0 = Debug|Win32
		{09038337-1868-44B8-BEFB-BED3959D116F}.Release|Win32.ActiveCfg = Release|Win32
		{09038337-1868-44B8-BEFB-BED3959D116F}.Release|Win32.Build.0 = Release|Win32
	EndGlobalSection
	GlobalSection(SolutionProperties) = preSolution
		HideSolutionNode = FALSE
	EndGlobalSection
EndGlobal
