
Microsoft Visual Studio Solution File, Format Version 10.00
# Visual C++ Express 2008
Project("{8BC9CEB8-8B4A-11D0-8D11-00A0C91BC942}") = "Lc10", "Lc10\Lc10.vcproj", "{60F11BD0-59B5-4672-B58B-75DBC0BAF02B}"
EndProject
Global
	GlobalSection(SolutionConfigurationPlatforms) = preSolution
		Debug|Win32 = Debug|Win32
		Release|Win32 = Release|Win32
	EndGlobalSection
	GlobalSection(ProjectConfigurationPlatforms) = postSolution
		{60F11BD0-59B5-4672-B58B-75DBC0BAF02B}.Debug|Win32.ActiveCfg = Debug|Win32
		{60F11BD0-59B5-4672-B58B-75DBC0BAF02B}.Debug|Win32.Build.0 = Debug|Win32
		{60F11BD0-59B5-4672-B58B-75DBC0BAF02B}.Release|Win32.ActiveCfg = Release|Win32
		{60F11BD0-59B5-4672-B58B-75DBC0BAF02B}.Release|Win32.Build.0 = Release|Win32
	EndGlobalSection
	GlobalSection(SolutionProperties) = preSolution
		HideSolutionNode = FALSE
	EndGlobalSection
EndGlobal
