
Microsoft Visual Studio Solution File, Format Version 10.00
# Visual C++ Express 2008
Project("{8BC9CEB8-8B4A-11D0-8D11-00A0C91BC942}") = "Ex29", "Ex29\Ex29.vcproj", "{569F555E-5FBB-4B3A-9072-05C713399FA9}"
EndProject
Global
	GlobalSection(SolutionConfigurationPlatforms) = preSolution
		Debug|Win32 = Debug|Win32
		Release|Win32 = Release|Win32
	EndGlobalSection
	GlobalSection(ProjectConfigurationPlatforms) = postSolution
		{569F555E-5FBB-4B3A-9072-05C713399FA9}.Debug|Win32.ActiveCfg = Debug|Win32
		{569F555E-5FBB-4B3A-9072-05C713399FA9}.Debug|Win32.Build.0 = Debug|Win32
		{569F555E-5FBB-4B3A-9072-05C713399FA9}.Release|Win32.ActiveCfg = Release|Win32
		{569F555E-5FBB-4B3A-9072-05C713399FA9}.Release|Win32.Build.0 = Release|Win32
	EndGlobalSection
	GlobalSection(SolutionProperties) = preSolution
		HideSolutionNode = FALSE
	EndGlobalSection
EndGlobal
